
Microsoft Visual Studio Solution File, Format Version 12.00
# Visual Studio 15
VisualStudioVersion = 15.0.27703.2042
MinimumVisualStudioVersion = 10.0.40219.1
Project("{888888A0-9F3D-457C-B088-3A5042F75D52}") = "PythonTest", "PythonTest\PythonTest.pyproj", "{1F56B403-C98A-4559-B006-D54F48361942}"
EndProject
Global
	GlobalSection(SolutionConfigurationPlatforms) = preSolution
		Debug|Any CPU = Debug|Any CPU
		Release|Any CPU = Release|Any CPU
	EndGlobalSection
	GlobalSection(ProjectConfigurationPlatforms) = postSolution
		{1F56B403-C98A-4559-B006-D54F48361942}.Debug|Any CPU.ActiveCfg = Debug|Any CPU
		{1F56B403-C98A-4559-B006-D54F48361942}.Release|Any CPU.ActiveCfg = Release|Any CPU
	EndGlobalSection
	GlobalSection(SolutionProperties) = preSolution
		HideSolutionNode = FALSE
	EndGlobalSection
	GlobalSection(ExtensibilityGlobals) = postSolution
		SolutionGuid = {6DD7A304-852B-4EC0-9312-419AFAECB98C}
	EndGlobalSection
EndGlobal
